// !$*UTF8*$!
{
	archiveVersion = 1;
	classes = {
	};
	objectVersion = 77;
	objects = {

/* Begin PBXBuildFile section */
		CB0D48022E7067C80097937D /* .gitignore in Resources */ = {isa = PBXBuildFile; fileRef = CB0D48012E7067BF0097937D /* .gitignore */; };
/* End PBXBuildFile section */

/* Begin PBXContainerItemProxy section */
		CB3F2F3D2E64E95900F781FD /* PBXContainerItemProxy */ = {
			isa = PBXContainerItemProxy;
			containerPortal = CB3F2F272E64E95500F781FD /* Project object */;
			proxyType = 1;
			remoteGlobalIDString = CB3F2F2E2E64E95500F781FD;
			remoteInfo = littleLemonSwift;
		};
		CB3F2F472E64E95900F781FD /* PBXContainerItemProxy */ = {
			isa = PBXContainerItemProxy;
			containerPortal = CB3F2F272E64E95500F781FD /* Project object */;
			proxyType = 1;
			remoteGlobalIDString = CB3F2F2E2E64E95500F781FD;
			remoteInfo = littleLemonSwift;
		};
/* End PBXContainerItemProxy section */

/* Begin PBXFileReference section */
		CB0D48012E7067BF0097937D /* .gitignore */ = {isa = PBXFileReference; lastKnownFileType = text; path = .gitignore; sourceTree = "<group>"; };
		CB3F2F2F2E64E95500F781FD /* littleLemonSwift.app */ = {isa = PBXFileReference; explicitFileType = wrapper.application; includeInIndex = 0; path = littleLemonSwift.app; sourceTree = BUILT_PRODUCTS_DIR; };
		CB3F2F3C2E64E95900F781FD /* littleLemonSwiftTests.xctest */ = {isa = PBXFileReference; explicitFileType = wrapper.cfbundle; includeInIndex = 0; path = littleLemonSwiftTests.xctest; sourceTree = BUILT_PRODUCTS_DIR; };
		CB3F2F462E64E95900F781FD /* littleLemonSwiftUITests.xctest */ = {isa = PBXFileReference; explicitFileType = wrapper.cfbundle; includeInIndex = 0; path = littleLemonSwiftUITests.xctest; sourceTree = BUILT_PRODUCTS_DIR; };
/* End PBXFileReference section */

/* Begin PBXFileSystemSynchronizedRootGroup section */
		CB3F2F312E64E95500F781FD /* littleLemonSwift */ = {
			isa = PBXFileSystemSynchronizedRootGroup;
			path = littleLemonSwift;
			sourceTree = "<group>";
		};
		CB3F2F3F2E64E95900F781FD /* littleLemonSwiftTests */ = {
			isa = PBXFileSystemSynchronizedRootGroup;
			path = littleLemonSwiftTests;
			sourceTree = "<group>";
		};
		CB3F2F492E64E95900F781FD /* littleLemonSwiftUITests */ = {
			isa = PBXFileSystemSynchronizedRootGroup;
			path = littleLemonSwiftUITests;
			sourceTree = "<group>";
		};
/* End PBXFileSystemSynchronizedRootGroup section */

/* Begin PBXFrameworksBuildPhase section */
		CB3F2F2C2E64E95500F781FD /* Frameworks */ = {
			isa = PBXFrameworksBuildPhase;
			buildActionMask = 2147483647;
			files = (
			);
			runOnlyForDeploymentPostprocessing = 0;
		};
		CB3F2F392E64E95900F781FD /* Frameworks */ = {
			isa = PBXFrameworksBuildPhase;
			buildActionMask = 2147483647;
			files = (
			);
			runOnlyForDeploymentPostprocessing = 0;
		};
		CB3F2F432E64E95900F781FD /* Frameworks */ = {
			isa = PBXFrameworksBuildPhase;
			buildActionMask = 2147483647;
			files = (
			);
			runOnlyForDeploymentPostprocessing = 0;
		};
/* End PBXFrameworksBuildPhase section */

/* Begin PBXGroup section */
		CB3F2F262E64E95500F781FD = {
			isa = PBXGroup;
			children = (
				CB0D48012E7067BF0097937D /* .gitignore */,
				CB3F2F312E64E95500F781FD /* littleLemonSwift */,
				CB3F2F3F2E64E95900F781FD /* littleLemonSwiftTests */,
				CB3F2F492E64E95900F781FD /* littleLemonSwiftUITests */,
				CB3F2F302E64E95500F781FD /* Products */,
			);
			sourceTree = "<group>";
		};
		CB3F2F302E64E95500F781FD /* Products */ = {
			isa = PBXGroup;
			children = (
				CB3F2F2F2E64E95500F781FD /* littleLemonSwift.app */,
				CB3F2F3C2E64E95900F781FD /* littleLemonSwiftTests.xctest */,
				CB3F2F462E64E95900F781FD /* littleLemonSwiftUITests.xctest */,
			);
			name = Products;
			sourceTree = "<group>";
		};
/* End PBXGroup section */

/* Begin PBXNativeTarget section */
		CB3F2F2E2E64E95500F781FD /* littleLemonSwift */ = {
			isa = PBXNativeTarget;
			buildConfigurationList = CB3F2F502E64E95900F781FD /* Build configuration list for PBXNativeTarget "littleLemonSwift" */;
			buildPhases = (
				CB3F2F2B2E64E95500F781FD /* Sources */,
				CB3F2F2C2E64E95500F781FD /* Frameworks */,
				CB3F2F2D2E64E95500F781FD /* Resources */,
			);
			buildRules = (
			);
			dependencies = (
			);
			fileSystemSynchronizedGroups = (
				CB3F2F312E64E95500F781FD /* littleLemonSwift */,
			);
			name = littleLemonSwift;
			packageProductDependencies = (
			);
			productName = littleLemonSwift;
			productReference = CB3F2F2F2E64E95500F781FD /* littleLemonSwift.app */;
			productType = "com.apple.product-type.application";
		};
		CB3F2F3B2E64E95900F781FD /* littleLemonSwiftTests */ = {
			isa = PBXNativeTarget;
			buildConfigurationList = CB3F2F532E64E95900F781FD /* Build configuration list for PBXNativeTarget "littleLemonSwiftTests" */;
			buildPhases = (
				CB3F2F382E64E95900F781FD /* Sources */,
				CB3F2F392E64E95900F781FD /* Frameworks */,
				CB3F2F3A2E64E95900F781FD /* Resources */,
			);
			buildRules = (
			);
			dependencies = (
				CB3F2F3E2E64E95900F781FD /* PBXTargetDependency */,
			);
			fileSystemSynchronizedGroups = (
				CB3F2F3F2E64E95900F781FD /* littleLemonSwiftTests */,
			);
			name = littleLemonSwiftTests;
			packageProductDependencies = (
			);
			productName = littleLemonSwiftTests;
			productReference = CB3F2F3C2E64E95900F781FD /* littleLemonSwiftTests.xctest */;
			productType = "com.apple.product-type.bundle.unit-test";
		};
		CB3F2F452E64E95900F781FD /* littleLemonSwiftUITests */ = {
			isa = PBXNativeTarget;
			buildConfigurationList = CB3F2F562E64E95900F781FD /* Build configuration list for PBXNativeTarget "littleLemonSwiftUITests" */;
			buildPhases = (
				CB3F2F422E64E95900F781FD /* Sources */,
				CB3F2F432E64E95900F781FD /* Frameworks */,
				CB3F2F442E64E95900F781FD /* Resources */,
			);
			buildRules = (
			);
			dependencies = (
				CB3F2F482E64E95900F781FD /* PBXTargetDependency */,
			);
			fileSystemSynchronizedGroups = (
				CB3F2F492E64E95900F781FD /* littleLemonSwiftUITests */,
			);
			name = littleLemonSwiftUITests;
			packageProductDependencies = (
			);
			productName = littleLemonSwiftUITests;
			productReference = CB3F2F462E64E95900F781FD /* littleLemonSwiftUITests.xctest */;
			productType = "com.apple.product-type.bundle.ui-testing";
		};
/* End PBXNativeTarget section */

/* Begin PBXProject section */
		CB3F2F272E64E95500F781FD /* Project object */ = {
			isa = PBXProject;
			attributes = {
				BuildIndependentTargetsInParallel = 1;
				LastSwiftUpdateCheck = 1640;
				LastUpgradeCheck = 1640;
				TargetAttributes = {
					CB3F2F2E2E64E95500F781FD = {
						CreatedOnToolsVersion = 16.4;
					};
					CB3F2F3B2E64E95900F781FD = {
						CreatedOnToolsVersion = 16.4;
						TestTargetID = CB3F2F2E2E64E95500F781FD;
					};
					CB3F2F452E64E95900F781FD = {
						CreatedOnToolsVersion = 16.4;
						TestTargetID = CB3F2F2E2E64E95500F781FD;
					};
				};
			};
			buildConfigurationList = CB3F2F2A2E64E95500F781FD /* Build configuration list for PBXProject "littleLemonSwift" */;
			developmentRegion = en;
			hasScannedForEncodings = 0;
			knownRegions = (
				en,
				Base,
			);
			mainGroup = CB3F2F262E64E95500F781FD;
			minimizedProjectReferenceProxies = 1;
			preferredProjectObjectVersion = 77;
			productRefGroup = CB3F2F302E64E95500F781FD /* Products */;
			projectDirPath = "";
			projectRoot = "";
			targets = (
				CB3F2F2E2E64E95500F781FD /* littleLemonSwift */,
				CB3F2F3B2E64E95900F781FD /* littleLemonSwiftTests */,
				CB3F2F452E64E95900F781FD /* littleLemonSwiftUITests */,
			);
		};
/* End PBXProject section */

/* Begin PBXResourcesBuildPhase section */
		CB3F2F2D2E64E95500F781FD /* Resources */ = {
			isa = PBXResourcesBuildPhase;
			buildActionMask = 2147483647;
			files = (
				CB0D48022E7067C80097937D /* .gitignore in Resources */,
			);
			runOnlyForDeploymentPostprocessing = 0;
		};
		CB3F2F3A2E64E95900F781FD /* Resources */ = {
			isa = PBXResourcesBuildPhase;
			buildActionMask = 2147483647;
			files = (
			);
			runOnlyForDeploymentPostprocessing = 0;
		};
		CB3F2F442E64E95900F781FD /* Resources */ = {
			isa = PBXResourcesBuildPhase;
			buildActionMask = 2147483647;
			files = (
			);
			runOnlyForDeploymentPostprocessing = 0;
		};
/* End PBXResourcesBuildPhase section */

/* Begin PBXSourcesBuildPhase section */
		CB3F2F2B2E64E95500F781FD /* Sources */ = {
			isa = PBXSourcesBuildPhase;
			buildActionMask = 2147483647;
			files = (
			);
			runOnlyForDeploymentPostprocessing = 0;
		};
		CB3F2F382E64E95900F781FD /* Sources */ = {
			isa = PBXSourcesBuildPhase;
			buildActionMask = 2147483647;
			files = (
			);
			runOnlyForDeploymentPostprocessing = 0;
		};
		CB3F2F422E64E95900F781FD /* Sources */ = {
			isa = PBXSourcesBuildPhase;
			buildActionMask = 2147483647;
			files = (
			);
			runOnlyForDeploymentPostprocessing = 0;
		};
/* End PBXSourcesBuildPhase section */

/* Begin PBXTargetDependency section */
		CB3F2F3E2E64E95900F781FD /* PBXTargetDependency */ = {
			isa = PBXTargetDependency;
			target = CB3F2F2E2E64E95500F781FD /* littleLemonSwift */;
			targetProxy = CB3F2F3D2E64E95900F781FD /* PBXContainerItemProxy */;
		};
		CB3F2F482E64E95900F781FD /* PBXTargetDependency */ = {
			isa = PBXTargetDependency;
			target = CB3F2F2E2E64E95500F781FD /* littleLemonSwift */;
			targetProxy = CB3F2F472E64E95900F781FD /* PBXContainerItemProxy */;
		};
/* End PBXTargetDependency section */

/* Begin XCBuildConfiguration section */
		CB3F2F4E2E64E95900F781FD /* Debug */ = {
			isa = XCBuildConfiguration;
			buildSettings = {
				ALWAYS_SEARCH_USER_PATHS = NO;
				ASSETCATALOG_COMPILER_GENERATE_SWIFT_ASSET_SYMBOL_EXTENSIONS = YES;
				CLANG_ANALYZER_NONNULL = YES;
				CLANG_ANALYZER_NUMBER_OBJECT_CONVERSION = YES_AGGRESSIVE;
				CLANG_CXX_LANGUAGE_STANDARD = "gnu++20";
				CLANG_ENABLE_MODULES = YES;
				CLANG_ENABLE_OBJC_ARC = YES;
				CLANG_ENABLE_OBJC_WEAK = YES;
				CLANG_WARN_BLOCK_CAPTURE_AUTORELEASING = YES;
				CLANG_WARN_BOOL_CONVERSION = YES;
				CLANG_WARN_COMMA = YES;
				CLANG_WARN_CONSTANT_CONVERSION = YES;
				CLANG_WARN_DEPRECATED_OBJC_IMPLEMENTATIONS = YES;
				CLANG_WARN_DIRECT_OBJC_ISA_USAGE = YES_ERROR;
				CLANG_WARN_DOCUMENTATION_COMMENTS = YES;
				CLANG_WARN_EMPTY_BODY = YES;
				CLANG_WARN_ENUM_CONVERSION = YES;
				CLANG_WARN_INFINITE_RECURSION = YES;
				CLANG_WARN_INT_CONVERSION = YES;
				CLANG_WARN_NON_LITERAL_NULL_CONVERSION = YES;
				CLANG_WARN_OBJC_IMPLICIT_RETAIN_SELF = YES;
				CLANG_WARN_OBJC_LITERAL_CONVERSION = YES;
				CLANG_WARN_OBJC_ROOT_CLASS = YES_ERROR;
				CLANG_WARN_QUOTED_INCLUDE_IN_FRAMEWORK_HEADER = YES;
				CLANG_WARN_RANGE_LOOP_ANALYSIS = YES;
				CLANG_WARN_STRICT_PROTOTYPES = YES;
				CLANG_WARN_SUSPICIOUS_MOVE = YES;
				CLANG_WARN_UNGUARDED_AVAILABILITY = YES_AGGRESSIVE;
				CLANG_WARN_UNREACHABLE_CODE = YES;
				CLANG_WARN__DUPLICATE_METHOD_MATCH = YES;
				COPY_PHASE_STRIP = NO;
				DEBUG_INFORMATION_FORMAT = dwarf;
				ENABLE_STRICT_OBJC_MSGSEND = YES;
				ENABLE_TESTABILITY = YES;
				ENABLE_USER_SCRIPT_SANDBOXING = YES;
				GCC_C_LANGUAGE_STANDARD = gnu17;
				GCC_DYNAMIC_NO_PIC = NO;
				GCC_NO_COMMON_BLOCKS = YES;
				GCC_OPTIMIZATION_LEVEL = 0;
				GCC_PREPROCESSOR_DEFINITIONS = (
					"DEBUG=1",
					"$(inherited)",
				);
				GCC_WARN_64_TO_32_BIT_CONVERSION = YES;
				GCC_WARN_ABOUT_RETURN_TYPE = YES_ERROR;
				GCC_WARN_UNDECLARED_SELECTOR = YES;
				GCC_WARN_UNINITIALIZED_AUTOS = YES_AGGRESSIVE;
				GCC_WARN_UNUSED_FUNCTION = YES;
				GCC_WARN_UNUSED_VARIABLE = YES;
				IPHONEOS_DEPLOYMENT_TARGET = 18.5;
				LOCALIZATION_PREFERS_STRING_CATALOGS = YES;
				MTL_ENABLE_DEBUG_INFO = INCLUDE_SOURCE;
				MTL_FAST_MATH = YES;
				ONLY_ACTIVE_ARCH = YES;
				SDKROOT = iphoneos;
				SWIFT_ACTIVE_COMPILATION_CONDITIONS = "DEBUG $(inherited)";
				SWIFT_OPTIMIZATION_LEVEL = "-Onone";
			};
			name = Debug;
		};
		CB3F2F4F2E64E95900F781FD /* Release */ = {
			isa = XCBuildConfiguration;
			buildSettings = {
				ALWAYS_SEARCH_USER_PATHS = NO;
				ASSETCATALOG_COMPILER_GENERATE_SWIFT_ASSET_SYMBOL_EXTENSIONS = YES;
				CLANG_ANALYZER_NONNULL = YES;
				CLANG_ANALYZER_NUMBER_OBJECT_CONVERSION = YES_AGGRESSIVE;
				CLANG_CXX_LANGUAGE_STANDARD = "gnu++20";
				CLANG_ENABLE_MODULES = YES;
				CLANG_ENABLE_OBJC_ARC = YES;
				CLANG_ENABLE_OBJC_WEAK = YES;
				CLANG_WARN_BLOCK_CAPTURE_AUTORELEASING = YES;
				CLANG_WARN_BOOL_CONVERSION = YES;
				CLANG_WARN_COMMA = YES;
				CLANG_WARN_CONSTANT_CONVERSION = YES;
				CLANG_WARN_DEPRECATED_OBJC_IMPLEMENTATIONS = YES;
				CLANG_WARN_DIRECT_OBJC_ISA_USAGE = YES_ERROR;
				CLANG_WARN_DOCUMENTATION_COMMENTS = YES;
				CLANG_WARN_EMPTY_BODY = YES;
				CLANG_WARN_ENUM_CONVERSION = YES;
				CLANG_WARN_INFINITE_RECURSION = YES;
				CLANG_WARN_INT_CONVERSION = YES;
				CLANG_WARN_NON_LITERAL_NULL_CONVERSION = YES;
				CLANG_WARN_OBJC_IMPLICIT_RETAIN_SELF = YES;
				CLANG_WARN_OBJC_LITERAL_CONVERSION = YES;
				CLANG_WARN_OBJC_ROOT_CLASS = YES_ERROR;
				CLANG_WARN_QUOTED_INCLUDE_IN_FRAMEWORK_HEADER = YES;
				CLANG_WARN_RANGE_LOOP_ANALYSIS = YES;
				CLANG_WARN_STRICT_PROTOTYPES = YES;
				CLANG_WARN_SUSPICIOUS_MOVE = YES;
				CLANG_WARN_UNGUARDED_AVAILABILITY = YES_AGGRESSIVE;
				CLANG_WARN_UNREACHABLE_CODE = YES;
				CLANG_WARN__DUPLICATE_METHOD_MATCH = YES;
				COPY_PHASE_STRIP = NO;
				DEBUG_INFORMATION_FORMAT = "dwarf-with-dsym";
				ENABLE_NS_ASSERTIONS = NO;
				ENABLE_STRICT_OBJC_MSGSEND = YES;
				ENABLE_USER_SCRIPT_SANDBOXING = YES;
				GCC_C_LANGUAGE_STANDARD = gnu17;
				GCC_NO_COMMON_BLOCKS = YES;
				GCC_WARN_64_TO_32_BIT_CONVERSION = YES;
				GCC_WARN_ABOUT_RETURN_TYPE = YES_ERROR;
				GCC_WARN_UNDECLARED_SELECTOR = YES;
				GCC_WARN_UNINITIALIZED_AUTOS = YES_AGGRESSIVE;
				GCC_WARN_UNUSED_FUNCTION = YES;
				GCC_WARN_UNUSED_VARIABLE = YES;
				IPHONEOS_DEPLOYMENT_TARGET = 18.5;
				LOCALIZATION_PREFERS_STRING_CATALOGS = YES;
				MTL_ENABLE_DEBUG_INFO = NO;
				MTL_FAST_MATH = YES;
				SDKROOT = iphoneos;
				SWIFT_COMPILATION_MODE = wholemodule;
				VALIDATE_PRODUCT = YES;
			};
			name = Release;
		};
		CB3F2F512E64E95900F781FD /* Debug */ = {
			isa = XCBuildConfiguration;
			buildSettings = {
				ASSETCATALOG_COMPILER_APPICON_NAME = AppIcon;
				ASSETCATALOG_COMPILER_GLOBAL_ACCENT_COLOR_NAME = AccentColor;
				CODE_SIGN_STYLE = Automatic;
				CURRENT_PROJECT_VERSION = 1;
				ENABLE_PREVIEWS = YES;
				GENERATE_INFOPLIST_FILE = YES;
				INFOPLIST_KEY_UIApplicationSceneManifest_Generation = YES;
				INFOPLIST_KEY_UIApplicationSupportsIndirectInputEvents = YES;
				INFOPLIST_KEY_UILaunchScreen_Generation = YES;
				INFOPLIST_KEY_UISupportedInterfaceOrientations_iPad = "UIInterfaceOrientationPortrait UIInterfaceOrientationPortraitUpsideDown UIInterfaceOrientationLandscapeLeft UIInterfaceOrientationLandscapeRight";
				INFOPLIST_KEY_UISupportedInterfaceOrientations_iPhone = "UIInterfaceOrientationPortrait UIInterfaceOrientationLandscapeLeft UIInterfaceOrientationLandscapeRight";
				LD_RUNPATH_SEARCH_PATHS = (
					"$(inherited)",
					"@executable_path/Frameworks",
				);
				MARKETING_VERSION = 1.0;
				PRODUCT_BUNDLE_IDENTIFIER = joseph.littleLemonSwift;
				PRODUCT_NAME = "$(TARGET_NAME)";
				SWIFT_EMIT_LOC_STRINGS = YES;
				SWIFT_VERSION = 5.0;
				TARGETED_DEVICE_FAMILY = "1,2";
			};
			name = Debug;
		};
		CB3F2F522E64E95900F781FD /* Release */ = {
			isa = XCBuildConfiguration;
			buildSettings = {
				ASSETCATALOG_COMPILER_APPICON_NAME = AppIcon;
				ASSETCATALOG_COMPILER_GLOBAL_ACCENT_COLOR_NAME = AccentColor;
				CODE_SIGN_STYLE = Automatic;
				CURRENT_PROJECT_VERSION = 1;
				ENABLE_PREVIEWS = YES;
				GENERATE_INFOPLIST_FILE = YES;
				INFOPLIST_KEY_UIApplicationSceneManifest_Generation = YES;
				INFOPLIST_KEY_UIApplicationSupportsIndirectInputEvents = YES;
				INFOPLIST_KEY_UILaunchScreen_Generation = YES;
				INFOPLIST_KEY_UISupportedInterfaceOrientations_iPad = "UIInterfaceOrientationPortrait UIInterfaceOrientationPortraitUpsideDown UIInterfaceOrientationLandscapeLeft UIInterfaceOrientationLandscapeRight";
				INFOPLIST_KEY_UISupportedInterfaceOrientations_iPhone = "UIInterfaceOrientationPortrait UIInterfaceOrientationLandscapeLeft UIInterfaceOrientationLandscapeRight";
				LD_RUNPATH_SEARCH_PATHS = (
					"$(inherited)",
					"@executable_path/Frameworks",
				);
				MARKETING_VERSION = 1.0;
				PRODUCT_BUNDLE_IDENTIFIER = joseph.littleLemonSwift;
				PRODUCT_NAME = "$(TARGET_NAME)";
				SWIFT_EMIT_LOC_STRINGS = YES;
				SWIFT_VERSION = 5.0;
				TARGETED_DEVICE_FAMILY = "1,2";
			};
			name = Release;
		};
		CB3F2F542E64E95900F781FD /* Debug */ = {
			isa = XCBuildConfiguration;
			buildSettings = {
				BUNDLE_LOADER = "$(TEST_HOST)";
				CODE_SIGN_STYLE = Automatic;
				CURRENT_PROJECT_VERSION = 1;
				GENERATE_INFOPLIST_FILE = YES;
				IPHONEOS_DEPLOYMENT_TARGET = 18.5;
				MARKETING_VERSION = 1.0;
				PRODUCT_BUNDLE_IDENTIFIER = joseph.littleLemonSwiftTests;
				PRODUCT_NAME = "$(TARGET_NAME)";
				SWIFT_EMIT_LOC_STRINGS = NO;
				SWIFT_VERSION = 5.0;
				TARGETED_DEVICE_FAMILY = "1,2";
				TEST_HOST = "$(BUILT_PRODUCTS_DIR)/littleLemonSwift.app/$(BUNDLE_EXECUTABLE_FOLDER_PATH)/littleLemonSwift";
			};
			name = Debug;
		};
		CB3F2F552E64E95900F781FD /* Release */ = {
			isa = XCBuildConfiguration;
			buildSettings = {
				BUNDLE_LOADER = "$(TEST_HOST)";
				CODE_SIGN_STYLE = Automatic;
				CURRENT_PROJECT_VERSION = 1;
				GENERATE_INFOPLIST_FILE = YES;
				IPHONEOS_DEPLOYMENT_TARGET = 18.5;
				MARKETING_VERSION = 1.0;
				PRODUCT_BUNDLE_IDENTIFIER = joseph.littleLemonSwiftTests;
				PRODUCT_NAME = "$(TARGET_NAME)";
				SWIFT_EMIT_LOC_STRINGS = NO;
				SWIFT_VERSION = 5.0;
				TARGETED_DEVICE_FAMILY = "1,2";
				TEST_HOST = "$(BUILT_PRODUCTS_DIR)/littleLemonSwift.app/$(BUNDLE_EXECUTABLE_FOLDER_PATH)/littleLemonSwift";
			};
			name = Release;
		};
		CB3F2F572E64E95900F781FD /* Debug */ = {
			isa = XCBuildConfiguration;
			buildSettings = {
				CODE_SIGN_STYLE = Automatic;
				CURRENT_PROJECT_VERSION = 1;
				GENERATE_INFOPLIST_FILE = YES;
				MARKETING_VERSION = 1.0;
				PRODUCT_BUNDLE_IDENTIFIER = joseph.littleLemonSwiftUITests;
				PRODUCT_NAME = "$(TARGET_NAME)";
				SWIFT_EMIT_LOC_STRINGS = NO;
				SWIFT_VERSION = 5.0;
				TARGETED_DEVICE_FAMILY = "1,2";
				TEST_TARGET_NAME = littleLemonSwift;
			};
			name = Debug;
		};
		CB3F2F582E64E95900F781FD /* Release */ = {
			isa = XCBuildConfiguration;
			buildSettings = {
				CODE_SIGN_STYLE = Automatic;
				CURRENT_PROJECT_VERSION = 1;
				GENERATE_INFOPLIST_FILE = YES;
				MARKETING_VERSION = 1.0;
				PRODUCT_BUNDLE_IDENTIFIER = joseph.littleLemonSwiftUITests;
				PRODUCT_NAME = "$(TARGET_NAME)";
				SWIFT_EMIT_LOC_STRINGS = NO;
				SWIFT_VERSION = 5.0;
				TARGETED_DEVICE_FAMILY = "1,2";
				TEST_TARGET_NAME = littleLemonSwift;
			};
			name = Release;
		};
/* End XCBuildConfiguration section */

/* Begin XCConfigurationList section */
		CB3F2F2A2E64E95500F781FD /* Build configuration list for PBXProject "littleLemonSwift" */ = {
			isa = XCConfigurationList;
			buildConfigurations = (
				CB3F2F4E2E64E95900F781FD /* Debug */,
				CB3F2F4F2E64E95900F781FD /* Release */,
			);
			defaultConfigurationIsVisible = 0;
			defaultConfigurationName = Release;
		};
		CB3F2F502E64E95900F781FD /* Build configuration list for PBXNativeTarget "littleLemonSwift" */ = {
			isa = XCConfigurationList;
			buildConfigurations = (
				CB3F2F512E64E95900F781FD /* Debug */,
				CB3F2F522E64E95900F781FD /* Release */,
			);
			defaultConfigurationIsVisible = 0;
			defaultConfigurationName = Release;
		};
		CB3F2F532E64E95900F781FD /* Build configuration list for PBXNativeTarget "littleLemonSwiftTests" */ = {
			isa = XCConfigurationList;
			buildConfigurations = (
				CB3F2F542E64E95900F781FD /* Debug */,
				CB3F2F552E64E95900F781FD /* Release */,
			);
			defaultConfigurationIsVisible = 0;
			defaultConfigurationName = Release;
		};
		CB3F2F562E64E95900F781FD /* Build configuration list for PBXNativeTarget "littleLemonSwiftUITests" */ = {
			isa = XCConfigurationList;
			buildConfigurations = (
				CB3F2F572E64E95900F781FD /* Debug */,
				CB3F2F582E64E95900F781FD /* Release */,
			);
			defaultConfigurationIsVisible = 0;
			defaultConfigurationName = Release;
		};
/* End XCConfigurationList section */
	};
	rootObject = CB3F2F272E64E95500F781FD /* Project object */;
}
